
Microsoft Visual Studio Solution File, Format Version 12.00
# Visual Studio Version 16
VisualStudioVersion = 16.0.29806.167
MinimumVisualStudioVersion = 10.0.40219.1
Project("{8BC9CEB8-8B4A-11D0-8D11-00A0C91BC942}") = "LawnProject", "SexyAppFramework\SexyAppBase VS2005.vcxproj", "{DA08CABA-92AC-40F0-B63D-6ACE7814D600}"
EndProject
Global
	GlobalSection(SolutionConfigurationPlatforms) = preSolution
		Debug - Incremental|x86 = Debug - Incremental|x86
		Debug - Zylom|x86 = Debug - Zylom|x86
		Debug|x86 = Debug|x86
		Release - Zylom|x86 = Release - Zylom|x86
		Release noop|x86 = Release noop|x86
		Release|x86 = Release|x86
	EndGlobalSection
	GlobalSection(ProjectConfigurationPlatforms) = postSolution
		{DA08CABA-92AC-40F0-B63D-6ACE7814D600}.Debug - Incremental|x86.ActiveCfg = Debug - Incremental|Win32
		{DA08CABA-92AC-40F0-B63D-6ACE7814D600}.Debug - Incremental|x86.Build.0 = Debug - Incremental|Win32
		{DA08CABA-92AC-40F0-B63D-6ACE7814D600}.Debug - Zylom|x86.ActiveCfg = Debug - Zylom|Win32
		{DA08CABA-92AC-40F0-B63D-6ACE7814D600}.Debug - Zylom|x86.Build.0 = Debug - Zylom|Win32
		{DA08CABA-92AC-40F0-B63D-6ACE7814D600}.Debug|x86.ActiveCfg = Debug|Win32
		{DA08CABA-92AC-40F0-B63D-6ACE7814D600}.Debug|x86.Build.0 = Debug|Win32
		{DA08CABA-92AC-40F0-B63D-6ACE7814D600}.Release - Zylom|x86.ActiveCfg = Release - Zylom|Win32
		{DA08CABA-92AC-40F0-B63D-6ACE7814D600}.Release - Zylom|x86.Build.0 = Release - Zylom|Win32
		{DA08CABA-92AC-40F0-B63D-6ACE7814D600}.Release noop|x86.ActiveCfg = Release noop|Win32
		{DA08CABA-92AC-40F0-B63D-6ACE7814D600}.Release noop|x86.Build.0 = Release noop|Win32
		{DA08CABA-92AC-40F0-B63D-6ACE7814D600}.Release|x86.ActiveCfg = Release|Win32
		{DA08CABA-92AC-40F0-B63D-6ACE7814D600}.Release|x86.Build.0 = Release|Win32
	EndGlobalSection
	GlobalSection(SolutionProperties) = preSolution
		HideSolutionNode = FALSE
	EndGlobalSection
	GlobalSection(ExtensibilityGlobals) = postSolution
		SolutionGuid = {1A4D98A6-0840-4764-B904-77C8195A8C1C}
	EndGlobalSection
EndGlobal
