<?xml version="1.0" encoding="utf-8"?>
<Project ToolsVersion="4.0" xmlns="http://schemas.microsoft.com/developer/msbuild/2003">
  <ItemGroup>
    <Filter Include="ImageLib">
      <UniqueIdentifier>{1dd128a7-9d4d-49a9-a0f5-c4ef918160c6}</UniqueIdentifier>
    </Filter>
    <Filter Include="ImageLib\PNG">
      <UniqueIdentifier>{68777fd1-a5b2-47c1-bbd6-b58c2994d8ee}</UniqueIdentifier>
    </Filter>
    <Filter Include="ImageLib\JPEG">
      <UniqueIdentifier>{1b8008c1-a7a6-424b-9ca9-7464c273b71c}</UniqueIdentifier>
    </Filter>
    <Filter Include="ImageLib\ZLIB">
      <UniqueIdentifier>{9d62f828-1da2-4526-bca1-19fa82a834ce}</UniqueIdentifier>
    </Filter>
    <Filter Include="ImageLib\JPEG2000">
      <UniqueIdentifier>{87519d78-76e1-46c7-a268-302fa12a1d59}</UniqueIdentifier>
    </Filter>
    <Filter Include="PakLib">
      <UniqueIdentifier>{fb73b26e-0cb1-472b-b8a8-08d563b6ad9f}</UniqueIdentifier>
    </Filter>
    <Filter Include="TodLib">
      <UniqueIdentifier>{365641f6-2638-4dad-a5b9-37c0e187e759}</UniqueIdentifier>
    </Filter>
    <Filter Include="Lawn">
      <UniqueIdentifier>{535f16e2-fdf2-406c-ab31-bd92a1c08a71}</UniqueIdentifier>
    </Filter>
    <Filter Include="Lawn\System">
      <UniqueIdentifier>{37b8cb4b-1ac9-45ef-80e0-2f4a86575b18}</UniqueIdentifier>
    </Filter>
    <Filter Include="Lawn\System\System Include">
      <UniqueIdentifier>{4e6c62db-08d4-4e4d-9e1b-6115daf3aa45}</UniqueIdentifier>
    </Filter>
    <Filter Include="Lawn\System\System Source">
      <UniqueIdentifier>{d5f91bf3-8de6-472b-b83f-402eefbbeb26}</UniqueIdentifier>
    </Filter>
    <Filter Include="Lawn\Widget">
      <UniqueIdentifier>{aae4f88d-d3d0-4a57-8f74-5aea1b6db4ec}</UniqueIdentifier>
    </Filter>
    <Filter Include="Lawn\Widget\Widget Include">
      <UniqueIdentifier>{98fbe507-a138-45c0-8997-3ac907982051}</UniqueIdentifier>
    </Filter>
    <Filter Include="Lawn\Widget\Widget Source">
      <UniqueIdentifier>{6c745ea3-8764-4f7f-823f-3ceb8b03e0d7}</UniqueIdentifier>
    </Filter>
    <Filter Include="Lawn\Common">
      <UniqueIdentifier>{b8608e44-5dce-42b2-bfda-cf2bc4cf2fdc}</UniqueIdentifier>
    </Filter>
    <Filter Include="Lawn\Common\Common Include">
      <UniqueIdentifier>{f029acef-16dd-4c57-bb7e-db237da4757a}</UniqueIdentifier>
    </Filter>
    <Filter Include="Lawn\Common\Common Source">
      <UniqueIdentifier>{b312a68f-1c95-4404-9dc1-db19d498f4c6}</UniqueIdentifier>
    </Filter>
    <Filter Include="TodLib\Common">
      <UniqueIdentifier>{db303042-a934-4c22-ab5b-a1085a43e25e}</UniqueIdentifier>
    </Filter>
    <Filter Include="TodLib\Common\TodCommon Include">
      <UniqueIdentifier>{fa266b3b-d0f5-4456-8ba6-35c6e7310e03}</UniqueIdentifier>
    </Filter>
    <Filter Include="TodLib\Common\TodCommon Source">
      <UniqueIdentifier>{d8181234-f06c-4e47-a424-2e5f375960f7}</UniqueIdentifier>
    </Filter>
    <Filter Include="TodLib\Effect">
      <UniqueIdentifier>{6ad63317-2ea1-4d7d-8e41-9f0cd7a159a5}</UniqueIdentifier>
    </Filter>
    <Filter Include="TodLib\Effect\Effect Include">
      <UniqueIdentifier>{defbf1f6-ac5a-4455-b0eb-8864b5547bdf}</UniqueIdentifier>
    </Filter>
    <Filter Include="TodLib\Effect\Effect Source">
      <UniqueIdentifier>{ee86bddb-409f-43a5-9994-5952fc41bc68}</UniqueIdentifier>
    </Filter>
    <Filter Include="Sexy">
      <UniqueIdentifier>{3dd9010e-26e5-4da8-a249-c3684d7e4d32}</UniqueIdentifier>
    </Filter>
    <Filter Include="Sexy\Graphics">
      <UniqueIdentifier>{dc081f3b-493b-440e-bed3-21dd8d99806b}</UniqueIdentifier>
    </Filter>
    <Filter Include="Sexy\Graphics\Graphics Source">
      <UniqueIdentifier>{5e41375f-1641-47ff-8c83-bf0528bf0182}</UniqueIdentifier>
    </Filter>
    <Filter Include="Sexy\Graphics\Graphics Include">
      <UniqueIdentifier>{b4e7fd95-4739-4b60-aa35-7d564d61764c}</UniqueIdentifier>
    </Filter>
    <Filter Include="Sexy\Graphics\Inc Routines">
      <UniqueIdentifier>{b90b0b3d-dc0f-4d28-892e-d992127ef8e3}</UniqueIdentifier>
    </Filter>
    <Filter Include="Sexy\Misc">
      <UniqueIdentifier>{ea4ec61a-e48d-4bcd-a539-7f99a965f44f}</UniqueIdentifier>
    </Filter>
    <Filter Include="Sexy\Misc\Misc Source">
      <UniqueIdentifier>{4b9fe3c8-ca2e-4f73-892a-4e4be9884d48}</UniqueIdentifier>
    </Filter>
    <Filter Include="Sexy\Misc\Misc Include">
      <UniqueIdentifier>{e8a9fd51-3dc1-4931-a8ae-fd33cac0c091}</UniqueIdentifier>
    </Filter>
    <Filter Include="Sexy\Sound">
      <UniqueIdentifier>{7779bfce-2800-48dc-a96a-e436e7939549}</UniqueIdentifier>
    </Filter>
    <Filter Include="Sexy\Sound\Sound Source">
      <UniqueIdentifier>{4eb56b36-5dee-4f3c-aefa-be14375a1efd}</UniqueIdentifier>
    </Filter>
    <Filter Include="Sexy\Sound\Sound Include">
      <UniqueIdentifier>{de9e5ba3-2371-4612-b516-26fab0cb4f1d}</UniqueIdentifier>
    </Filter>
    <Filter Include="Sexy\Sound\Ogg">
      <UniqueIdentifier>{5dd3acb7-9603-4b20-b944-a02ef36bb709}</UniqueIdentifier>
    </Filter>
    <Filter Include="Sexy\Widget">
      <UniqueIdentifier>{1b661da2-8447-4fdf-a1ab-2e84c386f500}</UniqueIdentifier>
    </Filter>
    <Filter Include="Sexy\Widget\Widget Source">
      <UniqueIdentifier>{b69729ca-3fba-44e0-b678-d8a2a01ad692}</UniqueIdentifier>
    </Filter>
    <Filter Include="Sexy\Widget\Widget Include">
      <UniqueIdentifier>{4cd550d7-1335-4258-a802-c9b2ea5acf2a}</UniqueIdentifier>
    </Filter>
    <Filter Include="Lawn\Board">
      <UniqueIdentifier>{48de531d-54e7-4e3d-8432-61b239f5d62c}</UniqueIdentifier>
    </Filter>
    <Filter Include="Lawn\Board\Board Include">
      <UniqueIdentifier>{4444983c-1cac-4a8f-8125-f588d21d92a6}</UniqueIdentifier>
    </Filter>
    <Filter Include="Lawn\Board\Board Source">
      <UniqueIdentifier>{f3e853ae-1d79-4c3e-bdeb-63ea2671fc57}</UniqueIdentifier>
    </Filter>
  </ItemGroup>
  <ItemGroup>
    <ClCompile Include="Color.cpp">
      <Filter>Sexy\Graphics\Graphics Source</Filter>
    </ClCompile>
    <ClCompile Include="D3DInterface.cpp">
      <Filter>Sexy\Graphics\Graphics Source</Filter>
    </ClCompile>
    <ClCompile Include="D3DTester.cpp">
      <Filter>Sexy\Graphics\Graphics Source</Filter>
    </ClCompile>
    <ClCompile Include="DDImage.cpp">
      <Filter>Sexy\Graphics\Graphics Source</Filter>
    </ClCompile>
    <ClCompile Include="DDInterface.cpp">
      <Filter>Sexy\Graphics\Graphics Source</Filter>
    </ClCompile>
    <ClCompile Include="Font.cpp">
      <Filter>Sexy\Graphics\Graphics Source</Filter>
    </ClCompile>
    <ClCompile Include="Graphics.cpp">
      <Filter>Sexy\Graphics\Graphics Source</Filter>
    </ClCompile>
    <ClCompile Include="GraphicsBuild.cpp">
      <Filter>Sexy\Graphics\Graphics Source</Filter>
    </ClCompile>
    <ClCompile Include="Image.cpp">
      <Filter>Sexy\Graphics\Graphics Source</Filter>
    </ClCompile>
    <ClCompile Include="ImageFont.cpp">
      <Filter>Sexy\Graphics\Graphics Source</Filter>
    </ClCompile>
    <ClCompile Include="MemoryImage.cpp">
      <Filter>Sexy\Graphics\Graphics Source</Filter>
    </ClCompile>
    <ClCompile Include="NativeDisplay.cpp">
      <Filter>Sexy\Graphics\Graphics Source</Filter>
    </ClCompile>
    <ClCompile Include="Quantize.cpp">
      <Filter>Sexy\Graphics\Graphics Source</Filter>
    </ClCompile>
    <ClCompile Include="SWTri.cpp">
      <Filter>Sexy\Graphics\Graphics Source</Filter>
    </ClCompile>
    <ClCompile Include="SysFont.cpp">
      <Filter>Sexy\Graphics\Graphics Source</Filter>
    </ClCompile>
    <ClCompile Include="..\ImageLib\ImageLib.cpp">
      <Filter>ImageLib</Filter>
    </ClCompile>
    <ClCompile Include="..\ImageLib\png\png.c">
      <Filter>ImageLib\PNG</Filter>
    </ClCompile>
    <ClCompile Include="..\ImageLib\png\pngerror.c">
      <Filter>ImageLib\PNG</Filter>
    </ClCompile>
    <ClCompile Include="..\ImageLib\png\pngget.c">
      <Filter>ImageLib\PNG</Filter>
    </ClCompile>
    <ClCompile Include="..\ImageLib\png\pngmem.c">
      <Filter>ImageLib\PNG</Filter>
    </ClCompile>
    <ClCompile Include="..\ImageLib\png\pngpread.c">
      <Filter>ImageLib\PNG</Filter>
    </ClCompile>
    <ClCompile Include="..\ImageLib\png\pngread.c">
      <Filter>ImageLib\PNG</Filter>
    </ClCompile>
    <ClCompile Include="..\ImageLib\png\pngrio.c">
      <Filter>ImageLib\PNG</Filter>
    </ClCompile>
    <ClCompile Include="..\ImageLib\png\pngrtran.c">
      <Filter>ImageLib\PNG</Filter>
    </ClCompile>
    <ClCompile Include="..\ImageLib\png\pngrutil.c">
      <Filter>ImageLib\PNG</Filter>
    </ClCompile>
    <ClCompile Include="..\ImageLib\png\pngset.c">
      <Filter>ImageLib\PNG</Filter>
    </ClCompile>
    <ClCompile Include="..\ImageLib\png\pngtrans.c">
      <Filter>ImageLib\PNG</Filter>
    </ClCompile>
    <ClCompile Include="..\ImageLib\png\pngvcrd.c">
      <Filter>ImageLib\PNG</Filter>
    </ClCompile>
    <ClCompile Include="..\ImageLib\png\pngwio.c">
      <Filter>ImageLib\PNG</Filter>
    </ClCompile>
    <ClCompile Include="..\ImageLib\png\pngwrite.c">
      <Filter>ImageLib\PNG</Filter>
    </ClCompile>
    <ClCompile Include="..\ImageLib\png\pngwtran.c">
      <Filter>ImageLib\PNG</Filter>
    </ClCompile>
    <ClCompile Include="..\ImageLib\png\pngwutil.c">
      <Filter>ImageLib\PNG</Filter>
    </ClCompile>
    <ClCompile Include="..\ImageLib\jpeg\cdjpeg.c">
      <Filter>ImageLib\JPEG</Filter>
    </ClCompile>
    <ClCompile Include="..\ImageLib\jpeg\jcapimin.c">
      <Filter>ImageLib\JPEG</Filter>
    </ClCompile>
    <ClCompile Include="..\ImageLib\jpeg\jcapistd.c">
      <Filter>ImageLib\JPEG</Filter>
    </ClCompile>
    <ClCompile Include="..\ImageLib\jpeg\jccoefct.c">
      <Filter>ImageLib\JPEG</Filter>
    </ClCompile>
    <ClCompile Include="..\ImageLib\jpeg\jccolor.c">
      <Filter>ImageLib\JPEG</Filter>
    </ClCompile>
    <ClCompile Include="..\ImageLib\jpeg\jcdctmgr.c">
      <Filter>ImageLib\JPEG</Filter>
    </ClCompile>
    <ClCompile Include="..\ImageLib\jpeg\jchuff.c">
      <Filter>ImageLib\JPEG</Filter>
    </ClCompile>
    <ClCompile Include="..\ImageLib\jpeg\jcinit.c">
      <Filter>ImageLib\JPEG</Filter>
    </ClCompile>
    <ClCompile Include="..\ImageLib\jpeg\jcmainct.c">
      <Filter>ImageLib\JPEG</Filter>
    </ClCompile>
    <ClCompile Include="..\ImageLib\jpeg\jcmarker.c">
      <Filter>ImageLib\JPEG</Filter>
    </ClCompile>
    <ClCompile Include="..\ImageLib\jpeg\jcmaster.c">
      <Filter>ImageLib\JPEG</Filter>
    </ClCompile>
    <ClCompile Include="..\ImageLib\jpeg\jcomapi.c">
      <Filter>ImageLib\JPEG</Filter>
    </ClCompile>
    <ClCompile Include="..\ImageLib\jpeg\jcparam.c">
      <Filter>ImageLib\JPEG</Filter>
    </ClCompile>
    <ClCompile Include="..\ImageLib\jpeg\jcphuff.c">
      <Filter>ImageLib\JPEG</Filter>
    </ClCompile>
    <ClCompile Include="..\ImageLib\jpeg\jcprepct.c">
      <Filter>ImageLib\JPEG</Filter>
    </ClCompile>
    <ClCompile Include="..\ImageLib\jpeg\jcsample.c">
      <Filter>ImageLib\JPEG</Filter>
    </ClCompile>
    <ClCompile Include="..\ImageLib\jpeg\jctrans.c">
      <Filter>ImageLib\JPEG</Filter>
    </ClCompile>
    <ClCompile Include="..\ImageLib\jpeg\jdapimin.c">
      <Filter>ImageLib\JPEG</Filter>
    </ClCompile>
    <ClCompile Include="..\ImageLib\jpeg\jdapistd.c">
      <Filter>ImageLib\JPEG</Filter>
    </ClCompile>
    <ClCompile Include="..\ImageLib\jpeg\jdatadst.c">
      <Filter>ImageLib\JPEG</Filter>
    </ClCompile>
    <ClCompile Include="..\ImageLib\jpeg\jdatasrc.c">
      <Filter>ImageLib\JPEG</Filter>
    </ClCompile>
    <ClCompile Include="..\ImageLib\jpeg\jdcoefct.c">
      <Filter>ImageLib\JPEG</Filter>
    </ClCompile>
    <ClCompile Include="..\ImageLib\jpeg\jdcolor.c">
      <Filter>ImageLib\JPEG</Filter>
    </ClCompile>
    <ClCompile Include="..\ImageLib\jpeg\jddctmgr.c">
      <Filter>ImageLib\JPEG</Filter>
    </ClCompile>
    <ClCompile Include="..\ImageLib\jpeg\jdhuff.c">
      <Filter>ImageLib\JPEG</Filter>
    </ClCompile>
    <ClCompile Include="..\ImageLib\jpeg\jdinput.c">
      <Filter>ImageLib\JPEG</Filter>
    </ClCompile>
    <ClCompile Include="..\ImageLib\jpeg\jdmainct.c">
      <Filter>ImageLib\JPEG</Filter>
    </ClCompile>
    <ClCompile Include="..\ImageLib\jpeg\jdmarker.c">
      <Filter>ImageLib\JPEG</Filter>
    </ClCompile>
    <ClCompile Include="..\ImageLib\jpeg\jdmaster.c">
      <Filter>ImageLib\JPEG</Filter>
    </ClCompile>
    <ClCompile Include="..\ImageLib\jpeg\jdmerge.c">
      <Filter>ImageLib\JPEG</Filter>
    </ClCompile>
    <ClCompile Include="..\ImageLib\jpeg\jdphuff.c">
      <Filter>ImageLib\JPEG</Filter>
    </ClCompile>
    <ClCompile Include="..\ImageLib\jpeg\jdpostct.c">
      <Filter>ImageLib\JPEG</Filter>
    </ClCompile>
    <ClCompile Include="..\ImageLib\jpeg\jdsample.c">
      <Filter>ImageLib\JPEG</Filter>
    </ClCompile>
    <ClCompile Include="..\ImageLib\jpeg\jdtrans.c">
      <Filter>ImageLib\JPEG</Filter>
    </ClCompile>
    <ClCompile Include="..\ImageLib\jpeg\jerror.c">
      <Filter>ImageLib\JPEG</Filter>
    </ClCompile>
    <ClCompile Include="..\ImageLib\jpeg\jfdctflt.c">
      <Filter>ImageLib\JPEG</Filter>
    </ClCompile>
    <ClCompile Include="..\ImageLib\jpeg\jfdctfst.c">
      <Filter>ImageLib\JPEG</Filter>
    </ClCompile>
    <ClCompile Include="..\ImageLib\jpeg\jfdctint.c">
      <Filter>ImageLib\JPEG</Filter>
    </ClCompile>
    <ClCompile Include="..\ImageLib\jpeg\jidctflt.c">
      <Filter>ImageLib\JPEG</Filter>
    </ClCompile>
    <ClCompile Include="..\ImageLib\jpeg\jidctfst.c">
      <Filter>ImageLib\JPEG</Filter>
    </ClCompile>
    <ClCompile Include="..\ImageLib\jpeg\jidctint.c">
      <Filter>ImageLib\JPEG</Filter>
    </ClCompile>
    <ClCompile Include="..\ImageLib\jpeg\jidctred.c">
      <Filter>ImageLib\JPEG</Filter>
    </ClCompile>
    <ClCompile Include="..\ImageLib\jpeg\jmemmgr.c">
      <Filter>ImageLib\JPEG</Filter>
    </ClCompile>
    <ClCompile Include="..\ImageLib\jpeg\jmemnobs.c">
      <Filter>ImageLib\JPEG</Filter>
    </ClCompile>
    <ClCompile Include="..\ImageLib\jpeg\jquant1.c">
      <Filter>ImageLib\JPEG</Filter>
    </ClCompile>
    <ClCompile Include="..\ImageLib\jpeg\jquant2.c">
      <Filter>ImageLib\JPEG</Filter>
    </ClCompile>
    <ClCompile Include="..\ImageLib\jpeg\jutils.c">
      <Filter>ImageLib\JPEG</Filter>
    </ClCompile>
    <ClCompile Include="..\ImageLib\jpeg\rdbmp.c">
      <Filter>ImageLib\JPEG</Filter>
    </ClCompile>
    <ClCompile Include="..\ImageLib\jpeg\rdcolmap.c">
      <Filter>ImageLib\JPEG</Filter>
    </ClCompile>
    <ClCompile Include="..\ImageLib\jpeg\rdgif.c">
      <Filter>ImageLib\JPEG</Filter>
    </ClCompile>
    <ClCompile Include="..\ImageLib\jpeg\rdppm.c">
      <Filter>ImageLib\JPEG</Filter>
    </ClCompile>
    <ClCompile Include="..\ImageLib\jpeg\rdrle.c">
      <Filter>ImageLib\JPEG</Filter>
    </ClCompile>
    <ClCompile Include="..\ImageLib\jpeg\rdswitch.c">
      <Filter>ImageLib\JPEG</Filter>
    </ClCompile>
    <ClCompile Include="..\ImageLib\jpeg\rdtarga.c">
      <Filter>ImageLib\JPEG</Filter>
    </ClCompile>
    <ClCompile Include="..\ImageLib\jpeg\transupp.c">
      <Filter>ImageLib\JPEG</Filter>
    </ClCompile>
    <ClCompile Include="..\ImageLib\jpeg\wrbmp.c">
      <Filter>ImageLib\JPEG</Filter>
    </ClCompile>
    <ClCompile Include="..\ImageLib\jpeg\wrgif.c">
      <Filter>ImageLib\JPEG</Filter>
    </ClCompile>
    <ClCompile Include="..\ImageLib\jpeg\wrppm.c">
      <Filter>ImageLib\JPEG</Filter>
    </ClCompile>
    <ClCompile Include="..\ImageLib\jpeg\wrrle.c">
      <Filter>ImageLib\JPEG</Filter>
    </ClCompile>
    <ClCompile Include="..\ImageLib\jpeg\wrtarga.c">
      <Filter>ImageLib\JPEG</Filter>
    </ClCompile>
    <ClCompile Include="..\ImageLib\zlib\adler32.c">
      <Filter>ImageLib\ZLIB</Filter>
    </ClCompile>
    <ClCompile Include="..\ImageLib\zlib\compress.c">
      <Filter>ImageLib\ZLIB</Filter>
    </ClCompile>
    <ClCompile Include="..\ImageLib\zlib\crc32.c">
      <Filter>ImageLib\ZLIB</Filter>
    </ClCompile>
    <ClCompile Include="..\ImageLib\zlib\deflate.c">
      <Filter>ImageLib\ZLIB</Filter>
    </ClCompile>
    <ClCompile Include="..\ImageLib\zlib\gzio.c">
      <Filter>ImageLib\ZLIB</Filter>
    </ClCompile>
    <ClCompile Include="..\ImageLib\zlib\infblock.c">
      <Filter>ImageLib\ZLIB</Filter>
    </ClCompile>
    <ClCompile Include="..\ImageLib\zlib\infcodes.c">
      <Filter>ImageLib\ZLIB</Filter>
    </ClCompile>
    <ClCompile Include="..\ImageLib\zlib\inffast.c">
      <Filter>ImageLib\ZLIB</Filter>
    </ClCompile>
    <ClCompile Include="..\ImageLib\zlib\inflate.c">
      <Filter>ImageLib\ZLIB</Filter>
    </ClCompile>
    <ClCompile Include="..\ImageLib\zlib\inftrees.c">
      <Filter>ImageLib\ZLIB</Filter>
    </ClCompile>
    <ClCompile Include="..\ImageLib\zlib\infutil.c">
      <Filter>ImageLib\ZLIB</Filter>
    </ClCompile>
    <ClCompile Include="..\ImageLib\zlib\trees.c">
      <Filter>ImageLib\ZLIB</Filter>
    </ClCompile>
    <ClCompile Include="..\ImageLib\zlib\uncompr.c">
      <Filter>ImageLib\ZLIB</Filter>
    </ClCompile>
    <ClCompile Include="..\ImageLib\zlib\zutil.c">
      <Filter>ImageLib\ZLIB</Filter>
    </ClCompile>
    <ClCompile Include="..\ImageLib\jpeg2000\jas_cm.c">
      <Filter>ImageLib\JPEG2000</Filter>
    </ClCompile>
    <ClCompile Include="..\ImageLib\jpeg2000\jas_debug.c">
      <Filter>ImageLib\JPEG2000</Filter>
    </ClCompile>
    <ClCompile Include="..\ImageLib\jpeg2000\jas_getopt.c">
      <Filter>ImageLib\JPEG2000</Filter>
    </ClCompile>
    <ClCompile Include="..\ImageLib\jpeg2000\jas_icc.c">
      <Filter>ImageLib\JPEG2000</Filter>
    </ClCompile>
    <ClCompile Include="..\ImageLib\jpeg2000\jas_iccdata.c">
      <Filter>ImageLib\JPEG2000</Filter>
    </ClCompile>
    <ClCompile Include="..\ImageLib\jpeg2000\jas_image.c">
      <Filter>ImageLib\JPEG2000</Filter>
    </ClCompile>
    <ClCompile Include="..\ImageLib\jpeg2000\jas_init.c">
      <Filter>ImageLib\JPEG2000</Filter>
    </ClCompile>
    <ClCompile Include="..\ImageLib\jpeg2000\jas_malloc.c">
      <Filter>ImageLib\JPEG2000</Filter>
    </ClCompile>
    <ClCompile Include="..\ImageLib\jpeg2000\jas_seq.c">
      <Filter>ImageLib\JPEG2000</Filter>
    </ClCompile>
    <ClCompile Include="..\ImageLib\jpeg2000\jas_stream.c">
      <Filter>ImageLib\JPEG2000</Filter>
    </ClCompile>
    <ClCompile Include="..\ImageLib\jpeg2000\jas_string.c">
      <Filter>ImageLib\JPEG2000</Filter>
    </ClCompile>
    <ClCompile Include="..\ImageLib\jpeg2000\jas_tvp.c">
      <Filter>ImageLib\JPEG2000</Filter>
    </ClCompile>
    <ClCompile Include="..\ImageLib\jpeg2000\jas_version.c">
      <Filter>ImageLib\JPEG2000</Filter>
    </ClCompile>
    <ClCompile Include="..\ImageLib\jpeg2000\jp2_cod.c">
      <Filter>ImageLib\JPEG2000</Filter>
    </ClCompile>
    <ClCompile Include="..\ImageLib\jpeg2000\jp2_dec.c">
      <Filter>ImageLib\JPEG2000</Filter>
    </ClCompile>
    <ClCompile Include="..\ImageLib\jpeg2000\jp2_enc.c">
      <Filter>ImageLib\JPEG2000</Filter>
    </ClCompile>
    <ClCompile Include="..\ImageLib\jpeg2000\jpc_bs.c">
      <Filter>ImageLib\JPEG2000</Filter>
    </ClCompile>
    <ClCompile Include="..\ImageLib\jpeg2000\jpc_cs.c">
      <Filter>ImageLib\JPEG2000</Filter>
    </ClCompile>
    <ClCompile Include="..\ImageLib\jpeg2000\jpc_dec.c">
      <Filter>ImageLib\JPEG2000</Filter>
    </ClCompile>
    <ClCompile Include="..\ImageLib\jpeg2000\jpc_enc.c">
      <Filter>ImageLib\JPEG2000</Filter>
    </ClCompile>
    <ClCompile Include="..\ImageLib\jpeg2000\jpc_math.c">
      <Filter>ImageLib\JPEG2000</Filter>
    </ClCompile>
    <ClCompile Include="..\ImageLib\jpeg2000\jpc_mct.c">
      <Filter>ImageLib\JPEG2000</Filter>
    </ClCompile>
    <ClCompile Include="..\ImageLib\jpeg2000\jpc_mqcod.c">
      <Filter>ImageLib\JPEG2000</Filter>
    </ClCompile>
    <ClCompile Include="..\ImageLib\jpeg2000\jpc_mqdec.c">
      <Filter>ImageLib\JPEG2000</Filter>
    </ClCompile>
    <ClCompile Include="..\ImageLib\jpeg2000\jpc_mqenc.c">
      <Filter>ImageLib\JPEG2000</Filter>
    </ClCompile>
    <ClCompile Include="..\ImageLib\jpeg2000\jpc_qmfb.c">
      <Filter>ImageLib\JPEG2000</Filter>
    </ClCompile>
    <ClCompile Include="..\ImageLib\jpeg2000\jpc_t1cod.c">
      <Filter>ImageLib\JPEG2000</Filter>
    </ClCompile>
    <ClCompile Include="..\ImageLib\jpeg2000\jpc_t1dec.c">
      <Filter>ImageLib\JPEG2000</Filter>
    </ClCompile>
    <ClCompile Include="..\ImageLib\jpeg2000\jpc_t1enc.c">
      <Filter>ImageLib\JPEG2000</Filter>
    </ClCompile>
    <ClCompile Include="..\ImageLib\jpeg2000\jpc_t2cod.c">
      <Filter>ImageLib\JPEG2000</Filter>
    </ClCompile>
    <ClCompile Include="..\ImageLib\jpeg2000\jpc_t2dec.c">
      <Filter>ImageLib\JPEG2000</Filter>
    </ClCompile>
    <ClCompile Include="..\ImageLib\jpeg2000\jpc_t2enc.c">
      <Filter>ImageLib\JPEG2000</Filter>
    </ClCompile>
    <ClCompile Include="..\ImageLib\jpeg2000\jpc_tagtree.c">
      <Filter>ImageLib\JPEG2000</Filter>
    </ClCompile>
    <ClCompile Include="..\ImageLib\jpeg2000\jpc_tsfb.c">
      <Filter>ImageLib\JPEG2000</Filter>
    </ClCompile>
    <ClCompile Include="..\ImageLib\jpeg2000\jpc_util.c">
      <Filter>ImageLib\JPEG2000</Filter>
    </ClCompile>
    <ClCompile Include="Buffer.cpp">
      <Filter>Sexy\Misc\Misc Source</Filter>
    </ClCompile>
    <ClCompile Include="Common.cpp">
      <Filter>Sexy\Misc\Misc Source</Filter>
    </ClCompile>
    <ClCompile Include="CritSect.cpp">
      <Filter>Sexy\Misc\Misc Source</Filter>
    </ClCompile>
    <ClCompile Include="Debug.cpp">
      <Filter>Sexy\Misc\Misc Source</Filter>
    </ClCompile>
    <ClCompile Include="DirectXErrorString.cpp">
      <Filter>Sexy\Misc\Misc Source</Filter>
    </ClCompile>
    <ClCompile Include="Flags.cpp">
      <Filter>Sexy\Misc\Misc Source</Filter>
    </ClCompile>
    <ClCompile Include="HTTPTransfer.cpp">
      <Filter>Sexy\Misc\Misc Source</Filter>
    </ClCompile>
    <ClCompile Include="KeyCodes.cpp">
      <Filter>Sexy\Misc\Misc Source</Filter>
    </ClCompile>
    <ClCompile Include="MiscBuildBase.cpp">
      <Filter>Sexy\Misc\Misc Source</Filter>
    </ClCompile>
    <ClCompile Include="ModVal.cpp">
      <Filter>Sexy\Misc\Misc Source</Filter>
    </ClCompile>
    <ClCompile Include="MTRand.cpp">
      <Filter>Sexy\Misc\Misc Source</Filter>
    </ClCompile>
    <ClCompile Include="PerfTimer.cpp">
      <Filter>Sexy\Misc\Misc Source</Filter>
    </ClCompile>
    <ClCompile Include="PropertiesParser.cpp">
      <Filter>Sexy\Misc\Misc Source</Filter>
    </ClCompile>
    <ClCompile Include="ResourceManager.cpp">
      <Filter>Sexy\Misc\Misc Source</Filter>
    </ClCompile>
    <ClCompile Include="SEHCatcher.cpp">
      <Filter>Sexy\Misc\Misc Source</Filter>
    </ClCompile>
    <ClCompile Include="SexyMatrix.cpp">
      <Filter>Sexy\Misc\Misc Source</Filter>
    </ClCompile>
    <ClCompile Include="XMLParser.cpp">
      <Filter>Sexy\Misc\Misc Source</Filter>
    </ClCompile>
    <ClCompile Include="BassLoader.cpp">
      <Filter>Sexy\Sound\Sound Source</Filter>
    </ClCompile>
    <ClCompile Include="BassMusicInterface.cpp">
      <Filter>Sexy\Sound\Sound Source</Filter>
    </ClCompile>
    <ClCompile Include="DSoundInstance.cpp">
      <Filter>Sexy\Sound\Sound Source</Filter>
    </ClCompile>
    <ClCompile Include="DSoundManager.cpp">
      <Filter>Sexy\Sound\Sound Source</Filter>
    </ClCompile>
    <ClCompile Include="FModLoader.cpp">
      <Filter>Sexy\Sound\Sound Source</Filter>
    </ClCompile>
    <ClCompile Include="FModMusicInterface.cpp">
      <Filter>Sexy\Sound\Sound Source</Filter>
    </ClCompile>
    <ClCompile Include="FModSoundInstance.cpp">
      <Filter>Sexy\Sound\Sound Source</Filter>
    </ClCompile>
    <ClCompile Include="FModSoundManager.cpp">
      <Filter>Sexy\Sound\Sound Source</Filter>
    </ClCompile>
    <ClCompile Include="Insets.cpp">
      <Filter>Sexy\Sound\Sound Source</Filter>
    </ClCompile>
    <ClCompile Include="MusicInterface.cpp">
      <Filter>Sexy\Sound\Sound Source</Filter>
    </ClCompile>
    <ClCompile Include="SoundBuild.cpp">
      <Filter>Sexy\Sound\Sound Source</Filter>
    </ClCompile>
    <ClCompile Include="ogg\bitwise.c">
      <Filter>Sexy\Sound\Ogg</Filter>
    </ClCompile>
    <ClCompile Include="ogg\block.c">
      <Filter>Sexy\Sound\Ogg</Filter>
    </ClCompile>
    <ClCompile Include="ogg\codebook.c">
      <Filter>Sexy\Sound\Ogg</Filter>
    </ClCompile>
    <ClCompile Include="ogg\floor0.c">
      <Filter>Sexy\Sound\Ogg</Filter>
    </ClCompile>
    <ClCompile Include="ogg\floor1.c">
      <Filter>Sexy\Sound\Ogg</Filter>
    </ClCompile>
    <ClCompile Include="ogg\framing.c">
      <Filter>Sexy\Sound\Ogg</Filter>
    </ClCompile>
    <ClCompile Include="ogg\info.c">
      <Filter>Sexy\Sound\Ogg</Filter>
    </ClCompile>
    <ClCompile Include="ogg\mapping0.c">
      <Filter>Sexy\Sound\Ogg</Filter>
    </ClCompile>
    <ClCompile Include="ogg\mdct.c">
      <Filter>Sexy\Sound\Ogg</Filter>
    </ClCompile>
    <ClCompile Include="ogg\registry.c">
      <Filter>Sexy\Sound\Ogg</Filter>
    </ClCompile>
    <ClCompile Include="ogg\res012.c">
      <Filter>Sexy\Sound\Ogg</Filter>
    </ClCompile>
    <ClCompile Include="ogg\sharedbook.c">
      <Filter>Sexy\Sound\Ogg</Filter>
    </ClCompile>
    <ClCompile Include="ogg\synthesis.c">
      <Filter>Sexy\Sound\Ogg</Filter>
    </ClCompile>
    <ClCompile Include="ogg\vorbisfile.c">
      <Filter>Sexy\Sound\Ogg</Filter>
    </ClCompile>
    <ClCompile Include="ogg\window.c">
      <Filter>Sexy\Sound\Ogg</Filter>
    </ClCompile>
    <ClCompile Include="ButtonWidget.cpp">
      <Filter>Sexy\Widget\Widget Source</Filter>
    </ClCompile>
    <ClCompile Include="Checkbox.cpp">
      <Filter>Sexy\Widget\Widget Source</Filter>
    </ClCompile>
    <ClCompile Include="Dialog.cpp">
      <Filter>Sexy\Widget\Widget Source</Filter>
    </ClCompile>
    <ClCompile Include="DialogButton.cpp">
      <Filter>Sexy\Widget\Widget Source</Filter>
    </ClCompile>
    <ClCompile Include="EditWidget.cpp">
      <Filter>Sexy\Widget\Widget Source</Filter>
    </ClCompile>
    <ClCompile Include="FlashWidget.cpp">
      <Filter>Sexy\Widget\Widget Source</Filter>
    </ClCompile>
    <ClCompile Include="HyperlinkWidget.cpp">
      <Filter>Sexy\Widget\Widget Source</Filter>
    </ClCompile>
    <ClCompile Include="ListWidget.cpp">
      <Filter>Sexy\Widget\Widget Source</Filter>
    </ClCompile>
    <ClCompile Include="ScrollbarWidget.cpp">
      <Filter>Sexy\Widget\Widget Source</Filter>
    </ClCompile>
    <ClCompile Include="ScrollbuttonWidget.cpp">
      <Filter>Sexy\Widget\Widget Source</Filter>
    </ClCompile>
    <ClCompile Include="Slider.cpp">
      <Filter>Sexy\Widget\Widget Source</Filter>
    </ClCompile>
    <ClCompile Include="TextWidget.cpp">
      <Filter>Sexy\Widget\Widget Source</Filter>
    </ClCompile>
    <ClCompile Include="Widget.cpp">
      <Filter>Sexy\Widget\Widget Source</Filter>
    </ClCompile>
    <ClCompile Include="WidgetBuildBase.cpp">
      <Filter>Sexy\Widget\Widget Source</Filter>
    </ClCompile>
    <ClCompile Include="WidgetContainer.cpp">
      <Filter>Sexy\Widget\Widget Source</Filter>
    </ClCompile>
    <ClCompile Include="WidgetManager.cpp">
      <Filter>Sexy\Widget\Widget Source</Filter>
    </ClCompile>
    <ClCompile Include="..\PakLib\PakInterface.cpp">
      <Filter>PakLib</Filter>
    </ClCompile>
    <ClCompile Include="..\Lawn\Board.cpp">
      <Filter>Lawn\Board\Board Source</Filter>
    </ClCompile>
    <ClCompile Include="..\Lawn\Challenge.cpp">
      <Filter>Lawn\Board\Board Source</Filter>
    </ClCompile>
    <ClCompile Include="..\Lawn\CutScene.cpp">
      <Filter>Lawn\Board\Board Source</Filter>
    </ClCompile>
    <ClCompile Include="..\Lawn\GameObject.cpp">
      <Filter>Lawn\Board\Board Source</Filter>
    </ClCompile>
    <ClCompile Include="..\Lawn\GridItem.cpp">
      <Filter>Lawn\Board\Board Source</Filter>
    </ClCompile>
    <ClCompile Include="..\Lawn\MessageWidget.cpp">
      <Filter>Lawn\Board\Board Source</Filter>
    </ClCompile>
    <ClCompile Include="..\Lawn\Plant.cpp">
      <Filter>Lawn\Board\Board Source</Filter>
    </ClCompile>
    <ClCompile Include="..\Sexy.TodLib\TodCommon.cpp">
      <Filter>TodLib\Common\TodCommon Source</Filter>
    </ClCompile>
    <ClCompile Include="..\Lawn\ToolTipWidget.cpp">
      <Filter>Lawn\Board\Board Source</Filter>
    </ClCompile>
    <ClCompile Include="..\Lawn\SeedPacket.cpp">
      <Filter>Lawn\Board\Board Source</Filter>
    </ClCompile>
    <ClCompile Include="..\main.cpp" />
    <ClCompile Include="..\Lawn\Widget\StoreScreen.cpp">
      <Filter>Lawn\Widget\Widget Source</Filter>
    </ClCompile>
    <ClCompile Include="..\Lawn\Widget\LawnDialog.cpp">
      <Filter>Lawn\Widget\Widget Source</Filter>
    </ClCompile>
    <ClCompile Include="..\Lawn\Widget\SeedChooserScreen.cpp">
      <Filter>Lawn\Widget\Widget Source</Filter>
    </ClCompile>
    <ClCompile Include="..\Lawn\Widget\ImitaterDialog.cpp">
      <Filter>Lawn\Widget\Widget Source</Filter>
    </ClCompile>
    <ClCompile Include="..\Lawn\Widget\ChallengeScreen.cpp">
      <Filter>Lawn\Widget\Widget Source</Filter>
    </ClCompile>
    <ClCompile Include="..\Lawn\Widget\AlmanacDialog.cpp">
      <Filter>Lawn\Widget\Widget Source</Filter>
    </ClCompile>
    <ClCompile Include="..\Sexy.TodLib\TodList.cpp">
      <Filter>TodLib\Common\TodCommon Source</Filter>
    </ClCompile>
    <ClCompile Include="..\Lawn\Widget\AwardScreen.cpp">
      <Filter>Lawn\Widget\Widget Source</Filter>
    </ClCompile>
    <ClCompile Include="..\Lawn\System\PopDRMComm.cpp">
      <Filter>Lawn\System\System Source</Filter>
    </ClCompile>
    <ClCompile Include="..\Lawn\LawnCommon.cpp">
      <Filter>Lawn\Common\Common Source</Filter>
    </ClCompile>
    <ClCompile Include="..\Resources.cpp">
      <Filter>Lawn\Common\Common Source</Filter>
    </ClCompile>
    <ClCompile Include="..\Lawn\System\ProfileMgr.cpp">
      <Filter>Lawn\System\System Source</Filter>
    </ClCompile>
    <ClCompile Include="..\Sexy.TodLib\Definition.cpp">
      <Filter>TodLib\Common\TodCommon Source</Filter>
    </ClCompile>
    <ClCompile Include="..\Sexy.TodLib\TodParticle.cpp">
      <Filter>TodLib\Effect\Effect Source</Filter>
    </ClCompile>
    <ClCompile Include="..\Sexy.TodLib\EffectSystem.cpp">
      <Filter>TodLib\Effect\Effect Source</Filter>
    </ClCompile>
    <ClCompile Include="..\Sexy.TodLib\Reanimator.cpp">
      <Filter>TodLib\Effect\Effect Source</Filter>
    </ClCompile>
    <ClCompile Include="..\Sexy.TodLib\ReanimAtlas.cpp">
      <Filter>TodLib\Effect\Effect Source</Filter>
    </ClCompile>
    <ClCompile Include="..\Lawn\System\Music.cpp">
      <Filter>Lawn\System\System Source</Filter>
    </ClCompile>
    <ClCompile Include="..\Sexy.TodLib\TodFoley.cpp">
      <Filter>TodLib\Common\TodCommon Source</Filter>
    </ClCompile>
    <ClCompile Include="..\Lawn\System\TypingCheck.cpp">
      <Filter>Lawn\System\System Source</Filter>
    </ClCompile>
    <ClCompile Include="..\Lawn\System\ReanimationLawn.cpp">
      <Filter>Lawn\System\System Source</Filter>
    </ClCompile>
    <ClCompile Include="..\Sexy.TodLib\TodStringFile.cpp">
      <Filter>TodLib\Common\TodCommon Source</Filter>
    </ClCompile>
    <ClCompile Include="SexyAppBase.cpp">
      <Filter>Sexy</Filter>
    </ClCompile>
    <ClCompile Include="..\LawnApp.cpp" />
    <ClCompile Include="..\Sexy.TodLib\FilterEffect.cpp">
      <Filter>TodLib\Effect\Effect Source</Filter>
    </ClCompile>
    <ClCompile Include="..\Sexy.TodLib\TodDebug.cpp">
      <Filter>TodLib\Common\TodCommon Source</Filter>
    </ClCompile>
    <ClCompile Include="..\Sexy.TodLib\Trail.cpp">
      <Filter>TodLib\Effect\Effect Source</Filter>
    </ClCompile>
    <ClCompile Include="..\Lawn\Widget\GameButton.cpp">
      <Filter>Lawn\Widget\Widget Source</Filter>
    </ClCompile>
    <ClCompile Include="..\Lawn\System\DataSync.cpp">
      <Filter>Lawn\System\System Source</Filter>
    </ClCompile>
    <ClCompile Include="..\Lawn\System\SaveGame.cpp">
      <Filter>Lawn\System\System Source</Filter>
    </ClCompile>
    <ClCompile Include="..\Lawn\Widget\GameSelector.cpp">
      <Filter>Lawn\Widget\Widget Source</Filter>
    </ClCompile>
    <ClCompile Include="..\Lawn\Zombie.cpp">
      <Filter>Lawn\Board\Board Source</Filter>
    </ClCompile>
    <ClCompile Include="..\Lawn\Projectile.cpp">
      <Filter>Lawn\Board\Board Source</Filter>
    </ClCompile>
    <ClCompile Include="..\Lawn\Coin.cpp">
      <Filter>Lawn\Board\Board Source</Filter>
    </ClCompile>
    <ClCompile Include="SexyApp.cpp">
      <Filter>Sexy</Filter>
    </ClCompile>
    <ClCompile Include="..\Lawn\LawnMower.cpp">
      <Filter>Lawn\Board\Board Source</Filter>
    </ClCompile>
    <ClCompile Include="..\Lawn\Widget\TitleScreen.cpp">
      <Filter>Lawn\Widget\Widget Source</Filter>
    </ClCompile>
    <ClCompile Include="..\Lawn\System\PlayerInfo.cpp">
      <Filter>Lawn\System\System Source</Filter>
    </ClCompile>
    <ClCompile Include="..\Sexy.TodLib\Attachment.cpp">
      <Filter>TodLib\Effect\Effect Source</Filter>
    </ClCompile>
    <ClCompile Include="..\Lawn\CursorObject.cpp">
      <Filter>Lawn\Board\Board Source</Filter>
    </ClCompile>
    <ClCompile Include="..\Lawn\Widget\CheatDialog.cpp">
      <Filter>Lawn\Widget\Widget Source</Filter>
    </ClCompile>
    <ClCompile Include="..\Lawn\Widget\ContinueDialog.cpp">
      <Filter>Lawn\Widget\Widget Source</Filter>
    </ClCompile>
    <ClCompile Include="..\Lawn\Widget\NewOptionsDialog.cpp">
      <Filter>Lawn\Widget\Widget Source</Filter>
    </ClCompile>
    <ClCompile Include="..\Lawn\Widget\NewUserDialog.cpp">
      <Filter>Lawn\Widget\Widget Source</Filter>
    </ClCompile>
    <ClCompile Include="..\Lawn\Widget\UserDialog.cpp">
      <Filter>Lawn\Widget\Widget Source</Filter>
    </ClCompile>
    <ClCompile Include="..\Lawn\System\PoolEffect.cpp">
      <Filter>Lawn\System\System Source</Filter>
    </ClCompile>
    <ClCompile Include="..\Lawn\ZenGarden.cpp">
      <Filter>Lawn\Board\Board Source</Filter>
    </ClCompile>
    <ClCompile Include="..\Lawn\Widget\CreditScreen.cpp">
      <Filter>Lawn\Widget\Widget Source</Filter>
    </ClCompile>
    <ClCompile Include="..\Lawn\Widget\AchievementsScreen.cpp">
      <Filter>Lawn\Widget\Widget Source</Filter>
    </ClCompile>
  </ItemGroup>
  <ItemGroup>
    <ClInclude Include="Color.h">
      <Filter>Sexy\Graphics\Graphics Include</Filter>
    </ClInclude>
    <ClInclude Include="D3DInterface.h">
      <Filter>Sexy\Graphics\Graphics Include</Filter>
    </ClInclude>
    <ClInclude Include="D3DTester.h">
      <Filter>Sexy\Graphics\Graphics Include</Filter>
    </ClInclude>
    <ClInclude Include="DDImage.h">
      <Filter>Sexy\Graphics\Graphics Include</Filter>
    </ClInclude>
    <ClInclude Include="DDInterface.h">
      <Filter>Sexy\Graphics\Graphics Include</Filter>
    </ClInclude>
    <ClInclude Include="Font.h">
      <Filter>Sexy\Graphics\Graphics Include</Filter>
    </ClInclude>
    <ClInclude Include="Graphics.h">
      <Filter>Sexy\Graphics\Graphics Include</Filter>
    </ClInclude>
    <ClInclude Include="Image.h">
      <Filter>Sexy\Graphics\Graphics Include</Filter>
    </ClInclude>
    <ClInclude Include="ImageFont.h">
      <Filter>Sexy\Graphics\Graphics Include</Filter>
    </ClInclude>
    <ClInclude Include="MemoryImage.h">
      <Filter>Sexy\Graphics\Graphics Include</Filter>
    </ClInclude>
    <ClInclude Include="NativeDisplay.h">
      <Filter>Sexy\Graphics\Graphics Include</Filter>
    </ClInclude>
    <ClInclude Include="Quantize.h">
      <Filter>Sexy\Graphics\Graphics Include</Filter>
    </ClInclude>
    <ClInclude Include="SWTri.h">
      <Filter>Sexy\Graphics\Graphics Include</Filter>
    </ClInclude>
    <ClInclude Include="SysFont.h">
      <Filter>Sexy\Graphics\Graphics Include</Filter>
    </ClInclude>
    <ClInclude Include="..\ImageLib\ImageLib.h">
      <Filter>ImageLib</Filter>
    </ClInclude>
    <ClInclude Include="..\ImageLib\png\png.h">
      <Filter>ImageLib\PNG</Filter>
    </ClInclude>
    <ClInclude Include="..\ImageLib\png\pngasmrd.h">
      <Filter>ImageLib\PNG</Filter>
    </ClInclude>
    <ClInclude Include="..\ImageLib\png\pngconf.h">
      <Filter>ImageLib\PNG</Filter>
    </ClInclude>
    <ClInclude Include="..\ImageLib\jpeg\cderror.h">
      <Filter>ImageLib\JPEG</Filter>
    </ClInclude>
    <ClInclude Include="..\ImageLib\jpeg\cdjpeg.h">
      <Filter>ImageLib\JPEG</Filter>
    </ClInclude>
    <ClInclude Include="..\ImageLib\jpeg\jchuff.h">
      <Filter>ImageLib\JPEG</Filter>
    </ClInclude>
    <ClInclude Include="..\ImageLib\jpeg\jconfig.h">
      <Filter>ImageLib\JPEG</Filter>
    </ClInclude>
    <ClInclude Include="..\ImageLib\jpeg\jdct.h">
      <Filter>ImageLib\JPEG</Filter>
    </ClInclude>
    <ClInclude Include="..\ImageLib\jpeg\jdhuff.h">
      <Filter>ImageLib\JPEG</Filter>
    </ClInclude>
    <ClInclude Include="..\ImageLib\jpeg\jerror.h">
      <Filter>ImageLib\JPEG</Filter>
    </ClInclude>
    <ClInclude Include="..\ImageLib\jpeg\jinclude.h">
      <Filter>ImageLib\JPEG</Filter>
    </ClInclude>
    <ClInclude Include="..\ImageLib\jpeg\jmemsys.h">
      <Filter>ImageLib\JPEG</Filter>
    </ClInclude>
    <ClInclude Include="..\ImageLib\jpeg\jmorecfg.h">
      <Filter>ImageLib\JPEG</Filter>
    </ClInclude>
    <ClInclude Include="..\ImageLib\jpeg\jpegint.h">
      <Filter>ImageLib\JPEG</Filter>
    </ClInclude>
    <ClInclude Include="..\ImageLib\jpeg\jpeglib.h">
      <Filter>ImageLib\JPEG</Filter>
    </ClInclude>
    <ClInclude Include="..\ImageLib\jpeg\jversion.h">
      <Filter>ImageLib\JPEG</Filter>
    </ClInclude>
    <ClInclude Include="..\ImageLib\jpeg\transupp.h">
      <Filter>ImageLib\JPEG</Filter>
    </ClInclude>
    <ClInclude Include="..\ImageLib\zlib\deflate.h">
      <Filter>ImageLib\ZLIB</Filter>
    </ClInclude>
    <ClInclude Include="..\ImageLib\zlib\infblock.h">
      <Filter>ImageLib\ZLIB</Filter>
    </ClInclude>
    <ClInclude Include="..\ImageLib\zlib\infcodes.h">
      <Filter>ImageLib\ZLIB</Filter>
    </ClInclude>
    <ClInclude Include="..\ImageLib\zlib\inffast.h">
      <Filter>ImageLib\ZLIB</Filter>
    </ClInclude>
    <ClInclude Include="..\ImageLib\zlib\inffixed.h">
      <Filter>ImageLib\ZLIB</Filter>
    </ClInclude>
    <ClInclude Include="..\ImageLib\zlib\inftrees.h">
      <Filter>ImageLib\ZLIB</Filter>
    </ClInclude>
    <ClInclude Include="..\ImageLib\zlib\infutil.h">
      <Filter>ImageLib\ZLIB</Filter>
    </ClInclude>
    <ClInclude Include="..\ImageLib\zlib\trees.h">
      <Filter>ImageLib\ZLIB</Filter>
    </ClInclude>
    <ClInclude Include="..\ImageLib\zlib\zconf.h">
      <Filter>ImageLib\ZLIB</Filter>
    </ClInclude>
    <ClInclude Include="..\ImageLib\zlib\zlib.h">
      <Filter>ImageLib\ZLIB</Filter>
    </ClInclude>
    <ClInclude Include="..\ImageLib\zlib\zutil.h">
      <Filter>ImageLib\ZLIB</Filter>
    </ClInclude>
    <ClInclude Include="AutoCrit.h">
      <Filter>Sexy\Misc\Misc Include</Filter>
    </ClInclude>
    <ClInclude Include="Buffer.h">
      <Filter>Sexy\Misc\Misc Include</Filter>
    </ClInclude>
    <ClInclude Include="Common.h">
      <Filter>Sexy\Misc\Misc Include</Filter>
    </ClInclude>
    <ClInclude Include="CritSect.h">
      <Filter>Sexy\Misc\Misc Include</Filter>
    </ClInclude>
    <ClInclude Include="Debug.h">
      <Filter>Sexy\Misc\Misc Include</Filter>
    </ClInclude>
    <ClInclude Include="DirectXErrorString.h">
      <Filter>Sexy\Misc\Misc Include</Filter>
    </ClInclude>
    <ClInclude Include="Flags.h">
      <Filter>Sexy\Misc\Misc Include</Filter>
    </ClInclude>
    <ClInclude Include="HTTPTransfer.h">
      <Filter>Sexy\Misc\Misc Include</Filter>
    </ClInclude>
    <ClInclude Include="KeyCodes.h">
      <Filter>Sexy\Misc\Misc Include</Filter>
    </ClInclude>
    <ClInclude Include="memmgr.h">
      <Filter>Sexy\Misc\Misc Include</Filter>
    </ClInclude>
    <ClInclude Include="ModVal.h">
      <Filter>Sexy\Misc\Misc Include</Filter>
    </ClInclude>
    <ClInclude Include="MTRand.h">
      <Filter>Sexy\Misc\Misc Include</Filter>
    </ClInclude>
    <ClInclude Include="PerfTimer.h">
      <Filter>Sexy\Misc\Misc Include</Filter>
    </ClInclude>
    <ClInclude Include="Point.h">
      <Filter>Sexy\Misc\Misc Include</Filter>
    </ClInclude>
    <ClInclude Include="PropertiesParser.h">
      <Filter>Sexy\Misc\Misc Include</Filter>
    </ClInclude>
    <ClInclude Include="Rect.h">
      <Filter>Sexy\Misc\Misc Include</Filter>
    </ClInclude>
    <ClInclude Include="ResourceManager.h">
      <Filter>Sexy\Misc\Misc Include</Filter>
    </ClInclude>
    <ClInclude Include="SEHCatcher.h">
      <Filter>Sexy\Misc\Misc Include</Filter>
    </ClInclude>
    <ClInclude Include="SexyMatrix.h">
      <Filter>Sexy\Misc\Misc Include</Filter>
    </ClInclude>
    <ClInclude Include="SexyVector.h">
      <Filter>Sexy\Misc\Misc Include</Filter>
    </ClInclude>
    <ClInclude Include="SmartPtr.h">
      <Filter>Sexy\Misc\Misc Include</Filter>
    </ClInclude>
    <ClInclude Include="XMLParser.h">
      <Filter>Sexy\Misc\Misc Include</Filter>
    </ClInclude>
    <ClInclude Include="BassLoader.h">
      <Filter>Sexy\Sound\Sound Source</Filter>
    </ClInclude>
    <ClInclude Include="BassMusicInterface.h">
      <Filter>Sexy\Sound\Sound Include</Filter>
    </ClInclude>
    <ClInclude Include="DSoundInstance.h">
      <Filter>Sexy\Sound\Sound Include</Filter>
    </ClInclude>
    <ClInclude Include="DSoundManager.h">
      <Filter>Sexy\Sound\Sound Include</Filter>
    </ClInclude>
    <ClInclude Include="FModLoader.h">
      <Filter>Sexy\Sound\Sound Include</Filter>
    </ClInclude>
    <ClInclude Include="FModMusicInterface.h">
      <Filter>Sexy\Sound\Sound Include</Filter>
    </ClInclude>
    <ClInclude Include="FModSoundInstance.h">
      <Filter>Sexy\Sound\Sound Include</Filter>
    </ClInclude>
    <ClInclude Include="FModSoundManager.h">
      <Filter>Sexy\Sound\Sound Include</Filter>
    </ClInclude>
    <ClInclude Include="MusicInterface.h">
      <Filter>Sexy\Sound\Sound Include</Filter>
    </ClInclude>
    <ClInclude Include="SoundInstance.h">
      <Filter>Sexy\Sound\Sound Include</Filter>
    </ClInclude>
    <ClInclude Include="SoundManager.h">
      <Filter>Sexy\Sound\Sound Include</Filter>
    </ClInclude>
    <ClInclude Include="ogg\asm_arm.h">
      <Filter>Sexy\Sound\Ogg</Filter>
    </ClInclude>
    <ClInclude Include="ogg\backends.h">
      <Filter>Sexy\Sound\Ogg</Filter>
    </ClInclude>
    <ClInclude Include="ogg\codebook.h">
      <Filter>Sexy\Sound\Ogg</Filter>
    </ClInclude>
    <ClInclude Include="ogg\codec_internal.h">
      <Filter>Sexy\Sound\Ogg</Filter>
    </ClInclude>
    <ClInclude Include="ogg\config_types.h">
      <Filter>Sexy\Sound\Ogg</Filter>
    </ClInclude>
    <ClInclude Include="ogg\ivorbiscodec.h">
      <Filter>Sexy\Sound\Ogg</Filter>
    </ClInclude>
    <ClInclude Include="ogg\ivorbisfile.h">
      <Filter>Sexy\Sound\Ogg</Filter>
    </ClInclude>
    <ClInclude Include="ogg\lsp_lookup.h">
      <Filter>Sexy\Sound\Ogg</Filter>
    </ClInclude>
    <ClInclude Include="ogg\mdct.h">
      <Filter>Sexy\Sound\Ogg</Filter>
    </ClInclude>
    <ClInclude Include="ogg\mdct_lookup.h">
      <Filter>Sexy\Sound\Ogg</Filter>
    </ClInclude>
    <ClInclude Include="ogg\misc.h">
      <Filter>Sexy\Sound\Ogg</Filter>
    </ClInclude>
    <ClInclude Include="ogg\ogg.h">
      <Filter>Sexy\Sound\Ogg</Filter>
    </ClInclude>
    <ClInclude Include="ogg\os.h">
      <Filter>Sexy\Sound\Ogg</Filter>
    </ClInclude>
    <ClInclude Include="ogg\os_types.h">
      <Filter>Sexy\Sound\Ogg</Filter>
    </ClInclude>
    <ClInclude Include="ogg\registry.h">
      <Filter>Sexy\Sound\Ogg</Filter>
    </ClInclude>
    <ClInclude Include="ogg\window.h">
      <Filter>Sexy\Sound\Ogg</Filter>
    </ClInclude>
    <ClInclude Include="ogg\window_lookup.h">
      <Filter>Sexy\Sound\Ogg</Filter>
    </ClInclude>
    <ClInclude Include="ButtonListener.h">
      <Filter>Sexy\Widget\Widget Include</Filter>
    </ClInclude>
    <ClInclude Include="ButtonWidget.h">
      <Filter>Sexy\Widget\Widget Include</Filter>
    </ClInclude>
    <ClInclude Include="Checkbox.h">
      <Filter>Sexy\Widget\Widget Include</Filter>
    </ClInclude>
    <ClInclude Include="CheckboxListener.h">
      <Filter>Sexy\Widget\Widget Include</Filter>
    </ClInclude>
    <ClInclude Include="Dialog.h">
      <Filter>Sexy\Widget\Widget Include</Filter>
    </ClInclude>
    <ClInclude Include="DialogButton.h">
      <Filter>Sexy\Widget\Widget Include</Filter>
    </ClInclude>
    <ClInclude Include="DialogListener.h">
      <Filter>Sexy\Widget\Widget Include</Filter>
    </ClInclude>
    <ClInclude Include="EditListener.h">
      <Filter>Sexy\Widget\Widget Include</Filter>
    </ClInclude>
    <ClInclude Include="EditWidget.h">
      <Filter>Sexy\Widget\Widget Include</Filter>
    </ClInclude>
    <ClInclude Include="FlashWidget.h">
      <Filter>Sexy\Widget\Widget Include</Filter>
    </ClInclude>
    <ClInclude Include="HyperlinkWidget.h">
      <Filter>Sexy\Widget\Widget Include</Filter>
    </ClInclude>
    <ClInclude Include="Insets.h">
      <Filter>Sexy\Widget\Widget Include</Filter>
    </ClInclude>
    <ClInclude Include="ListListener.h">
      <Filter>Sexy\Widget\Widget Include</Filter>
    </ClInclude>
    <ClInclude Include="ListWidget.h">
      <Filter>Sexy\Widget\Widget Include</Filter>
    </ClInclude>
    <ClInclude Include="ScrollbarWidget.h">
      <Filter>Sexy\Widget\Widget Include</Filter>
    </ClInclude>
    <ClInclude Include="ScrollbuttonWidget.h">
      <Filter>Sexy\Widget\Widget Include</Filter>
    </ClInclude>
    <ClInclude Include="ScrollListener.h">
      <Filter>Sexy\Widget\Widget Include</Filter>
    </ClInclude>
    <ClInclude Include="Slider.h">
      <Filter>Sexy\Widget\Widget Include</Filter>
    </ClInclude>
    <ClInclude Include="SliderListener.h">
      <Filter>Sexy\Widget\Widget Include</Filter>
    </ClInclude>
    <ClInclude Include="TextWidget.h">
      <Filter>Sexy\Widget\Widget Include</Filter>
    </ClInclude>
    <ClInclude Include="Widget.h">
      <Filter>Sexy\Widget\Widget Include</Filter>
    </ClInclude>
    <ClInclude Include="WidgetContainer.h">
      <Filter>Sexy\Widget\Widget Include</Filter>
    </ClInclude>
    <ClInclude Include="WidgetManager.h">
      <Filter>Sexy\Widget\Widget Include</Filter>
    </ClInclude>
    <ClInclude Include="..\PakLib\PakInterface.h">
      <Filter>PakLib</Filter>
    </ClInclude>
    <ClInclude Include="..\Sexy.TodLib\Attachment.h">
      <Filter>TodLib\Effect\Effect Include</Filter>
    </ClInclude>
    <ClInclude Include="..\Lawn\Board.h">
      <Filter>Lawn\Board\Board Include</Filter>
    </ClInclude>
    <ClInclude Include="..\Lawn\Challenge.h">
      <Filter>Lawn\Board\Board Include</Filter>
    </ClInclude>
    <ClInclude Include="..\Lawn\Coin.h">
      <Filter>Lawn\Board\Board Include</Filter>
    </ClInclude>
    <ClInclude Include="..\Lawn\CursorObject.h">
      <Filter>Lawn\Board\Board Include</Filter>
    </ClInclude>
    <ClInclude Include="..\Lawn\Cutscene.h">
      <Filter>Lawn\Board\Board Include</Filter>
    </ClInclude>
    <ClInclude Include="..\Sexy.TodLib\DataArray.h">
      <Filter>TodLib\Common\TodCommon Include</Filter>
    </ClInclude>
    <ClInclude Include="..\Sexy.TodLib\EffectSystem.h">
      <Filter>TodLib\Effect\Effect Include</Filter>
    </ClInclude>
    <ClInclude Include="..\Lawn\GameObject.h">
      <Filter>Lawn\Board\Board Include</Filter>
    </ClInclude>
    <ClInclude Include="..\Lawn\GridItem.h">
      <Filter>Lawn\Board\Board Include</Filter>
    </ClInclude>
    <ClInclude Include="..\Lawn\LawnMower.h">
      <Filter>Lawn\Board\Board Include</Filter>
    </ClInclude>
    <ClInclude Include="..\Lawn\MessageWidget.h">
      <Filter>Lawn\Board\Board Include</Filter>
    </ClInclude>
    <ClInclude Include="..\Lawn\Plant.h">
      <Filter>Lawn\Board\Board Include</Filter>
    </ClInclude>
    <ClInclude Include="..\Lawn\Projectile.h">
      <Filter>Lawn\Board\Board Include</Filter>
    </ClInclude>
    <ClInclude Include="..\Sexy.TodLib\TodCommon.h">
      <Filter>TodLib\Common\TodCommon Include</Filter>
    </ClInclude>
    <ClInclude Include="..\Sexy.TodLib\TodFoley.h">
      <Filter>TodLib\Common\TodCommon Include</Filter>
    </ClInclude>
    <ClInclude Include="..\Sexy.TodLib\TodList.h">
      <Filter>TodLib\Common\TodCommon Include</Filter>
    </ClInclude>
    <ClInclude Include="..\Lawn\ToolTipWidget.h">
      <Filter>Lawn\Board\Board Include</Filter>
    </ClInclude>
    <ClInclude Include="..\Lawn\SeedPacket.h">
      <Filter>Lawn\Board\Board Include</Filter>
    </ClInclude>
    <ClInclude Include="..\Lawn\ZenGarden.h">
      <Filter>Lawn\Board\Board Include</Filter>
    </ClInclude>
    <ClInclude Include="..\Lawn\Zombie.h">
      <Filter>Lawn\Board\Board Include</Filter>
    </ClInclude>
    <ClInclude Include="..\Lawn\Widget\ImitaterDialog.h">
      <Filter>Lawn\Widget\Widget Include</Filter>
    </ClInclude>
    <ClInclude Include="..\Lawn\Widget\StoreScreen.h">
      <Filter>Lawn\Widget\Widget Include</Filter>
    </ClInclude>
    <ClInclude Include="..\Lawn\Widget\AlmanacDialog.h">
      <Filter>Lawn\Widget\Widget Include</Filter>
    </ClInclude>
    <ClInclude Include="..\Lawn\Widget\LawnDialog.h">
      <Filter>Lawn\Widget\Widget Include</Filter>
    </ClInclude>
    <ClInclude Include="..\Lawn\Widget\SeedChooserScreen.h">
      <Filter>Lawn\Widget\Widget Include</Filter>
    </ClInclude>
    <ClInclude Include="..\Lawn\Widget\ChallengeScreen.h">
      <Filter>Lawn\Widget\Widget Include</Filter>
    </ClInclude>
    <ClInclude Include="..\Lawn\Widget\AwardScreen.h">
      <Filter>Lawn\Widget\Widget Include</Filter>
    </ClInclude>
    <ClInclude Include="..\Lawn\System\PoolEffect.h">
      <Filter>Lawn\System\System Include</Filter>
    </ClInclude>
    <ClInclude Include="..\Lawn\System\PopDRMComm.h">
      <Filter>Lawn\System\System Include</Filter>
    </ClInclude>
    <ClInclude Include="..\Lawn\BoardInclude.h">
      <Filter>Lawn\Common\Common Include</Filter>
    </ClInclude>
    <ClInclude Include="..\ConstEnums.h">
      <Filter>Lawn\Common\Common Include</Filter>
    </ClInclude>
    <ClInclude Include="..\GameConstants.h">
      <Filter>Lawn\Common\Common Include</Filter>
    </ClInclude>
    <ClInclude Include="..\Lawn\LawnCommon.h">
      <Filter>Lawn\Common\Common Include</Filter>
    </ClInclude>
    <ClInclude Include="..\Resources.h">
      <Filter>Lawn\Common\Common Include</Filter>
    </ClInclude>
    <ClInclude Include="..\Lawn\System\ProfileMgr.h">
      <Filter>Lawn\System\System Include</Filter>
    </ClInclude>
    <ClInclude Include="..\Lawn\System\Music.h">
      <Filter>Lawn\System\System Include</Filter>
    </ClInclude>
    <ClInclude Include="..\Lawn\System\PlayerInfo.h">
      <Filter>Lawn\System\System Include</Filter>
    </ClInclude>
    <ClInclude Include="..\Sexy.TodLib\Definition.h">
      <Filter>TodLib\Common\TodCommon Include</Filter>
    </ClInclude>
    <ClInclude Include="..\Sexy.TodLib\TodParticle.h">
      <Filter>TodLib\Effect\Effect Include</Filter>
    </ClInclude>
    <ClInclude Include="..\Sexy.TodLib\Reanimator.h">
      <Filter>TodLib\Effect\Effect Include</Filter>
    </ClInclude>
    <ClInclude Include="..\Sexy.TodLib\ReanimAtlas.h">
      <Filter>TodLib\Effect\Effect Include</Filter>
    </ClInclude>
    <ClInclude Include="..\Sexy.TodLib\FilterEffect.h">
      <Filter>TodLib\Effect\Effect Include</Filter>
    </ClInclude>
    <ClInclude Include="..\Lawn\System\TypingCheck.h">
      <Filter>Lawn\System\System Include</Filter>
    </ClInclude>
    <ClInclude Include="..\Lawn\System\ReanimationLawn.h">
      <Filter>Lawn\System\System Include</Filter>
    </ClInclude>
    <ClInclude Include="..\Sexy.TodLib\TodStringFile.h">
      <Filter>TodLib\Common\TodCommon Include</Filter>
    </ClInclude>
    <ClInclude Include="SexyAppBase.h">
      <Filter>Sexy</Filter>
    </ClInclude>
    <ClInclude Include="..\LawnApp.h" />
    <ClInclude Include="..\Sexy.TodLib\TodDebug.h">
      <Filter>TodLib\Common\TodCommon Include</Filter>
    </ClInclude>
    <ClInclude Include="..\Sexy.TodLib\Trail.h">
      <Filter>TodLib\Effect\Effect Include</Filter>
    </ClInclude>
    <ClInclude Include="..\Lawn\Widget\GameButton.h">
      <Filter>Lawn\Widget\Widget Include</Filter>
    </ClInclude>
    <ClInclude Include="..\Lawn\System\DataSync.h">
      <Filter>Lawn\System\System Include</Filter>
    </ClInclude>
    <ClInclude Include="..\Lawn\System\SaveGame.h">
      <Filter>Lawn\System\System Include</Filter>
    </ClInclude>
    <ClInclude Include="..\Lawn\Widget\GameSelector.h">
      <Filter>Lawn\Widget\Widget Include</Filter>
    </ClInclude>
    <ClInclude Include="SexyApp.h">
      <Filter>Sexy</Filter>
    </ClInclude>
    <ClInclude Include="..\Lawn\Widget\TitleScreen.h">
      <Filter>Lawn\Widget\Widget Include</Filter>
    </ClInclude>
    <ClInclude Include="..\Lawn\Widget\CreditScreen.h">
      <Filter>Lawn\Widget\Widget Include</Filter>
    </ClInclude>
    <ClInclude Include="..\Lawn\Widget\NewOptionsDialog.h">
      <Filter>Lawn\Widget\Widget Include</Filter>
    </ClInclude>
    <ClInclude Include="..\Lawn\Widget\ContinueDialog.h">
      <Filter>Lawn\Widget\Widget Include</Filter>
    </ClInclude>
    <ClInclude Include="..\Lawn\Widget\UserDialog.h">
      <Filter>Lawn\Widget\Widget Include</Filter>
    </ClInclude>
    <ClInclude Include="..\Lawn\Widget\NewUserDialog.h">
      <Filter>Lawn\Widget\Widget Include</Filter>
    </ClInclude>
    <ClInclude Include="..\Lawn\Widget\CheatDialog.h">
      <Filter>Lawn\Widget\Widget Include</Filter>
    </ClInclude>
    <ClInclude Include="resource.h" />
    <ClInclude Include="..\Lawn\Widget\AchievementsScreen.h">
      <Filter>Lawn\Widget\Widget Include</Filter>
    </ClInclude>
  </ItemGroup>
  <ItemGroup>
    <None Include="BltRotatedHelper.inc">
      <Filter>Sexy\Graphics\Inc Routines</Filter>
    </None>
    <None Include="DDI_Additive.inc">
      <Filter>Sexy\Graphics\Inc Routines</Filter>
    </None>
    <None Include="DDI_AlphaBlt.inc">
      <Filter>Sexy\Graphics\Inc Routines</Filter>
    </None>
    <None Include="DDI_BltRotated.inc">
      <Filter>Sexy\Graphics\Inc Routines</Filter>
    </None>
    <None Include="DDI_BltRotated_Additive.inc">
      <Filter>Sexy\Graphics\Inc Routines</Filter>
    </None>
    <None Include="DDI_FastBlt_NoAlpha.inc">
      <Filter>Sexy\Graphics\Inc Routines</Filter>
    </None>
    <None Include="DDI_FastStretch.inc">
      <Filter>Sexy\Graphics\Inc Routines</Filter>
    </None>
    <None Include="DDI_FastStretch_Additive.inc">
      <Filter>Sexy\Graphics\Inc Routines</Filter>
    </None>
    <None Include="DDI_NormalBlt_Volatile.inc">
      <Filter>Sexy\Graphics\Inc Routines</Filter>
    </None>
    <None Include="MI_AdditiveBlt.inc">
      <Filter>Sexy\Graphics\Inc Routines</Filter>
    </None>
    <None Include="MI_BltRotated.inc">
      <Filter>Sexy\Graphics\Inc Routines</Filter>
    </None>
    <None Include="MI_BltRotated_Additive.inc">
      <Filter>Sexy\Graphics\Inc Routines</Filter>
    </None>
    <None Include="MI_GetNativeAlphaData.inc">
      <Filter>Sexy\Graphics\Inc Routines</Filter>
    </None>
    <None Include="MI_GetRLAlphaData.inc">
      <Filter>Sexy\Graphics\Inc Routines</Filter>
    </None>
    <None Include="MI_NormalBlt.inc">
      <Filter>Sexy\Graphics\Inc Routines</Filter>
    </None>
    <None Include="MI_SlowStretchBlt.inc">
      <Filter>Sexy\Graphics\Inc Routines</Filter>
    </None>
    <None Include="..\Cursor13.cur" />
    <None Include=".gitignore" />
    <None Include=".gitattributes" />
  </ItemGroup>
  <ItemGroup>
    <CustomBuild Include="..\ImageLib\jpeg2000\jas_cm.h">
      <Filter>ImageLib\JPEG2000</Filter>
    </CustomBuild>
    <CustomBuild Include="..\ImageLib\jpeg2000\jas_config.h">
      <Filter>ImageLib\JPEG2000</Filter>
    </CustomBuild>
    <CustomBuild Include="..\ImageLib\jpeg2000\jas_config2.h">
      <Filter>ImageLib\JPEG2000</Filter>
    </CustomBuild>
    <CustomBuild Include="..\ImageLib\jpeg2000\jas_debug.h">
      <Filter>ImageLib\JPEG2000</Filter>
    </CustomBuild>
    <CustomBuild Include="..\ImageLib\jpeg2000\jas_fix.h">
      <Filter>ImageLib\JPEG2000</Filter>
    </CustomBuild>
    <CustomBuild Include="..\ImageLib\jpeg2000\jas_getopt.h">
      <Filter>ImageLib\JPEG2000</Filter>
    </CustomBuild>
    <CustomBuild Include="..\ImageLib\jpeg2000\jas_icc.h">
      <Filter>ImageLib\JPEG2000</Filter>
    </CustomBuild>
    <CustomBuild Include="..\ImageLib\jpeg2000\jas_image.h">
      <Filter>ImageLib\JPEG2000</Filter>
    </CustomBuild>
    <CustomBuild Include="..\ImageLib\jpeg2000\jas_init.h">
      <Filter>ImageLib\JPEG2000</Filter>
    </CustomBuild>
    <CustomBuild Include="..\ImageLib\jpeg2000\jas_malloc.h">
      <Filter>ImageLib\JPEG2000</Filter>
    </CustomBuild>
    <CustomBuild Include="..\ImageLib\jpeg2000\jas_math.h">
      <Filter>ImageLib\JPEG2000</Filter>
    </CustomBuild>
    <CustomBuild Include="..\ImageLib\jpeg2000\jas_seq.h">
      <Filter>ImageLib\JPEG2000</Filter>
    </CustomBuild>
    <CustomBuild Include="..\ImageLib\jpeg2000\jas_stream.h">
      <Filter>ImageLib\JPEG2000</Filter>
    </CustomBuild>
    <CustomBuild Include="..\ImageLib\jpeg2000\jas_string.h">
      <Filter>ImageLib\JPEG2000</Filter>
    </CustomBuild>
    <CustomBuild Include="..\ImageLib\jpeg2000\jas_tvp.h">
      <Filter>ImageLib\JPEG2000</Filter>
    </CustomBuild>
    <CustomBuild Include="..\ImageLib\jpeg2000\jas_types.h">
      <Filter>ImageLib\JPEG2000</Filter>
    </CustomBuild>
    <CustomBuild Include="..\ImageLib\jpeg2000\jas_version.h">
      <Filter>ImageLib\JPEG2000</Filter>
    </CustomBuild>
    <CustomBuild Include="..\ImageLib\jpeg2000\jasper.h">
      <Filter>ImageLib\JPEG2000</Filter>
    </CustomBuild>
    <CustomBuild Include="..\ImageLib\jpeg2000\jp2_cod.h">
      <Filter>ImageLib\JPEG2000</Filter>
    </CustomBuild>
    <CustomBuild Include="..\ImageLib\jpeg2000\jp2_dec.h">
      <Filter>ImageLib\JPEG2000</Filter>
    </CustomBuild>
    <CustomBuild Include="..\ImageLib\jpeg2000\jpc_bs.h">
      <Filter>ImageLib\JPEG2000</Filter>
    </CustomBuild>
    <CustomBuild Include="..\ImageLib\jpeg2000\jpc_cod.h">
      <Filter>ImageLib\JPEG2000</Filter>
    </CustomBuild>
    <CustomBuild Include="..\ImageLib\jpeg2000\jpc_cs.h">
      <Filter>ImageLib\JPEG2000</Filter>
    </CustomBuild>
    <CustomBuild Include="..\ImageLib\jpeg2000\jpc_dec.h">
      <Filter>ImageLib\JPEG2000</Filter>
    </CustomBuild>
    <CustomBuild Include="..\ImageLib\jpeg2000\jpc_enc.h">
      <Filter>ImageLib\JPEG2000</Filter>
    </CustomBuild>
    <CustomBuild Include="..\ImageLib\jpeg2000\jpc_fix.h">
      <Filter>ImageLib\JPEG2000</Filter>
    </CustomBuild>
    <CustomBuild Include="..\ImageLib\jpeg2000\jpc_flt.h">
      <Filter>ImageLib\JPEG2000</Filter>
    </CustomBuild>
    <CustomBuild Include="..\ImageLib\jpeg2000\jpc_math.h">
      <Filter>ImageLib\JPEG2000</Filter>
    </CustomBuild>
    <CustomBuild Include="..\ImageLib\jpeg2000\jpc_mct.h">
      <Filter>ImageLib\JPEG2000</Filter>
    </CustomBuild>
    <CustomBuild Include="..\ImageLib\jpeg2000\jpc_mqcod.h">
      <Filter>ImageLib\JPEG2000</Filter>
    </CustomBuild>
    <CustomBuild Include="..\ImageLib\jpeg2000\jpc_mqdec.h">
      <Filter>ImageLib\JPEG2000</Filter>
    </CustomBuild>
    <CustomBuild Include="..\ImageLib\jpeg2000\jpc_mqenc.h">
      <Filter>ImageLib\JPEG2000</Filter>
    </CustomBuild>
    <CustomBuild Include="..\ImageLib\jpeg2000\jpc_qmfb.h">
      <Filter>ImageLib\JPEG2000</Filter>
    </CustomBuild>
    <CustomBuild Include="..\ImageLib\jpeg2000\jpc_t1cod.h">
      <Filter>ImageLib\JPEG2000</Filter>
    </CustomBuild>
    <CustomBuild Include="..\ImageLib\jpeg2000\jpc_t1dec.h">
      <Filter>ImageLib\JPEG2000</Filter>
    </CustomBuild>
    <CustomBuild Include="..\ImageLib\jpeg2000\jpc_t1enc.h">
      <Filter>ImageLib\JPEG2000</Filter>
    </CustomBuild>
    <CustomBuild Include="..\ImageLib\jpeg2000\jpc_t2cod.h">
      <Filter>ImageLib\JPEG2000</Filter>
    </CustomBuild>
    <CustomBuild Include="..\ImageLib\jpeg2000\jpc_t2dec.h">
      <Filter>ImageLib\JPEG2000</Filter>
    </CustomBuild>
    <CustomBuild Include="..\ImageLib\jpeg2000\jpc_t2enc.h">
      <Filter>ImageLib\JPEG2000</Filter>
    </CustomBuild>
    <CustomBuild Include="..\ImageLib\jpeg2000\jpc_tagtree.h">
      <Filter>ImageLib\JPEG2000</Filter>
    </CustomBuild>
    <CustomBuild Include="..\ImageLib\jpeg2000\jpc_tsfb.h">
      <Filter>ImageLib\JPEG2000</Filter>
    </CustomBuild>
    <CustomBuild Include="..\ImageLib\jpeg2000\jpc_util.h">
      <Filter>ImageLib\JPEG2000</Filter>
    </CustomBuild>
  </ItemGroup>
  <ItemGroup>
    <ResourceCompile Include="LawnProject.rc" />
  </ItemGroup>
</Project>